
Microsoft Visual Studio Solution File, Format Version 12.00
# Visual Studio Version 17
VisualStudioVersion = 17.4.33213.308
MinimumVisualStudioVersion = 10.0.40219.1
Project("{FAE04EC0-301F-11D3-BF4B-00C04F79EFBC}") = "PictureViewer", "PictureViewer.csproj", "{A0C8F749-A3EC-49DA-9539-54F71540FC58}"
EndProject
Global
	GlobalSection(SolutionConfigurationPlatforms) = preSolution
		Debug|Any CPU = Debug|Any CPU
		Release|Any CPU = Release|Any CPU
	EndGlobalSection
	GlobalSection(ProjectConfigurationPlatforms) = postSolution
		{A0C8F749-A3EC-49DA-9539-54F71540FC58}.Debug|Any CPU.ActiveCfg = Debug|Any CPU
		{A0C8F749-A3EC-49DA-9539-54F71540FC58}.Debug|Any CPU.Build.0 = Debug|Any CPU
		{A0C8F749-A3EC-49DA-9539-54F71540FC58}.Release|Any CPU.ActiveCfg = Release|Any CPU
		{A0C8F749-A3EC-49DA-9539-54F71540FC58}.Release|Any CPU.Build.0 = Release|Any CPU
	EndGlobalSection
	GlobalSection(SolutionProperties) = preSolution
		HideSolutionNode = FALSE
	EndGlobalSection
	GlobalSection(ExtensibilityGlobals) = postSolution
		SolutionGuid = {E8C0F142-5B52-4279-82EC-229A30B624DB}
	EndGlobalSection
EndGlobal
